
Microsoft Visual Studio Solution File, Format Version 12.00
# Visual Studio Version 16
VisualStudioVersion = 16.0.29613.14
MinimumVisualStudioVersion = 10.0.40219.1
Project("{FAE04EC0-301F-11D3-BF4B-00C04F79EFBC}") = "BiColourLottery", "BiColourLottery\BiColourLottery.csproj", "{71D340B1-121E-471D-B5BB-8B5B8A2A3B79}"
EndProject
Global
	GlobalSection(SolutionConfigurationPlatforms) = preSolution
		Debug|Any CPU = Debug|Any CPU
		Release|Any CPU = Release|Any CPU
	EndGlobalSection
	GlobalSection(ProjectConfigurationPlatforms) = postSolution
		{71D340B1-121E-471D-B5BB-8B5B8A2A3B79}.Debug|Any CPU.ActiveCfg = Debug|Any CPU
		{71D340B1-121E-471D-B5BB-8B5B8A2A3B79}.Debug|Any CPU.Build.0 = Debug|Any CPU
		{71D340B1-121E-471D-B5BB-8B5B8A2A3B79}.Release|Any CPU.ActiveCfg = Release|Any CPU
		{71D340B1-121E-471D-B5BB-8B5B8A2A3B79}.Release|Any CPU.Build.0 = Release|Any CPU
	EndGlobalSection
	GlobalSection(SolutionProperties) = preSolution
		HideSolutionNode = FALSE
	EndGlobalSection
	GlobalSection(ExtensibilityGlobals) = postSolution
		SolutionGuid = {21B7B8B5-4D0E-439F-A22F-D7F56089F73C}
	EndGlobalSection
EndGlobal
